
Microsoft Visual Studio Solution File, Format Version 12.00
# Visual Studio Version 16
VisualStudioVersion = 16.0.28803.352
MinimumVisualStudioVersion = 10.0.40219.1
Project("{9A19103F-16F7-4668-BE54-9A1E7A4F7556}") = "RedStar.Amounts", "RedStar.Amounts\RedStar.Amounts.csproj", "{961A7DCF-6242-41D5-A5B9-6195057C80D4}"
EndProject
Project("{9A19103F-16F7-4668-BE54-9A1E7A4F7556}") = "RedStar.Amounts.StandardUnits", "RedStar.Amounts.StandardUnits\RedStar.Amounts.StandardUnits.csproj", "{B3EEAF5A-75DC-4C91-8BDB-C3E9A01B9E98}"
EndProject
Project("{9A19103F-16F7-4668-BE54-9A1E7A4F7556}") = "RedStar.Amounts.Tests", "RedStar.Amounts.Tests\RedStar.Amounts.Tests.csproj", "{441C12B4-9E6B-4D63-9C9E-D7AA1E2FDF32}"
EndProject
Project("{9A19103F-16F7-4668-BE54-9A1E7A4F7556}") = "RedStar.Amounts.StandardUnits.Tests", "RedStar.Amounts.StandardUnits.Tests\RedStar.Amounts.StandardUnits.Tests.csproj", "{3837C3CA-4D5A-4988-8928-44557712738D}"
EndProject
Project("{9A19103F-16F7-4668-BE54-9A1E7A4F7556}") = "RedStar.Amounts.JsonNet", "RedStar.Amounts.JsonNet\RedStar.Amounts.JsonNet.csproj", "{A05B6FC6-465F-408D-ADFA-4A5B14A572B2}"
EndProject
Project("{9A19103F-16F7-4668-BE54-9A1E7A4F7556}") = "RedStar.Amounts.JsonNet.Tests", "RedStar.Amounts.JsonNet.Tests\RedStar.Amounts.JsonNet.Tests.csproj", "{ECC089C3-8167-4C25-8E9D-F76B1ED63799}"
EndProject
Project("{2150E333-8FDC-42A3-9474-1A3956D46DE8}") = "Solution Items", "Solution Items", "{CA8ABDB5-C63A-4F44-BE3F-28D7145B550B}"
	ProjectSection(SolutionItems) = preProject
		.gitattributes = .gitattributes
		.gitignore = .gitignore
		appveyor.yml = appveyor.yml
		CPOL.md = CPOL.md
		LICENSE.md = LICENSE.md
		MIT.md = MIT.md
		README.md = README.md
	EndProjectSection
EndProject
Global
	GlobalSection(SolutionConfigurationPlatforms) = preSolution
		Debug|Any CPU = Debug|Any CPU
		Release|Any CPU = Release|Any CPU
	EndGlobalSection
	GlobalSection(ProjectConfigurationPlatforms) = postSolution
		{961A7DCF-6242-41D5-A5B9-6195057C80D4}.Debug|Any CPU.ActiveCfg = Debug|Any CPU
		{961A7DCF-6242-41D5-A5B9-6195057C80D4}.Debug|Any CPU.Build.0 = Debug|Any CPU
		{961A7DCF-6242-41D5-A5B9-6195057C80D4}.Release|Any CPU.ActiveCfg = Release|Any CPU
		{961A7DCF-6242-41D5-A5B9-6195057C80D4}.Release|Any CPU.Build.0 = Release|Any CPU
		{B3EEAF5A-75DC-4C91-8BDB-C3E9A01B9E98}.Debug|Any CPU.ActiveCfg = Debug|Any CPU
		{B3EEAF5A-75DC-4C91-8BDB-C3E9A01B9E98}.Debug|Any CPU.Build.0 = Debug|Any CPU
		{B3EEAF5A-75DC-4C91-8BDB-C3E9A01B9E98}.Release|Any CPU.ActiveCfg = Release|Any CPU
		{B3EEAF5A-75DC-4C91-8BDB-C3E9A01B9E98}.Release|Any CPU.Build.0 = Release|Any CPU
		{441C12B4-9E6B-4D63-9C9E-D7AA1E2FDF32}.Debug|Any CPU.ActiveCfg = Debug|Any CPU
		{441C12B4-9E6B-4D63-9C9E-D7AA1E2FDF32}.Debug|Any CPU.Build.0 = Debug|Any CPU
		{441C12B4-9E6B-4D63-9C9E-D7AA1E2FDF32}.Release|Any CPU.ActiveCfg = Release|Any CPU
		{441C12B4-9E6B-4D63-9C9E-D7AA1E2FDF32}.Release|Any CPU.Build.0 = Release|Any CPU
		{3837C3CA-4D5A-4988-8928-44557712738D}.Debug|Any CPU.ActiveCfg = Debug|Any CPU
		{3837C3CA-4D5A-4988-8928-44557712738D}.Debug|Any CPU.Build.0 = Debug|Any CPU
		{3837C3CA-4D5A-4988-8928-44557712738D}.Release|Any CPU.ActiveCfg = Release|Any CPU
		{3837C3CA-4D5A-4988-8928-44557712738D}.Release|Any CPU.Build.0 = Release|Any CPU
		{A05B6FC6-465F-408D-ADFA-4A5B14A572B2}.Debug|Any CPU.ActiveCfg = Debug|Any CPU
		{A05B6FC6-465F-408D-ADFA-4A5B14A572B2}.Debug|Any CPU.Build.0 = Debug|Any CPU
		{A05B6FC6-465F-408D-ADFA-4A5B14A572B2}.Release|Any CPU.ActiveCfg = Release|Any CPU
		{A05B6FC6-465F-408D-ADFA-4A5B14A572B2}.Release|Any CPU.Build.0 = Release|Any CPU
		{ECC089C3-8167-4C25-8E9D-F76B1ED63799}.Debug|Any CPU.ActiveCfg = Debug|Any CPU
		{ECC089C3-8167-4C25-8E9D-F76B1ED63799}.Debug|Any CPU.Build.0 = Debug|Any CPU
		{ECC089C3-8167-4C25-8E9D-F76B1ED63799}.Release|Any CPU.ActiveCfg = Release|Any CPU
		{ECC089C3-8167-4C25-8E9D-F76B1ED63799}.Release|Any CPU.Build.0 = Release|Any CPU
	EndGlobalSection
	GlobalSection(SolutionProperties) = preSolution
		HideSolutionNode = FALSE
	EndGlobalSection
	GlobalSection(ExtensibilityGlobals) = postSolution
		SolutionGuid = {06747729-D7C9-46D4-ADF6-20D4C882EED8}
	EndGlobalSection
	GlobalSection(NDepend) = preSolution
		Project = ".\RedStar.Amounts.ndproj"
	EndGlobalSection
EndGlobal
