
Microsoft Visual Studio Solution File, Format Version 12.00
# Visual Studio 15
VisualStudioVersion = 15.0.26228.4
MinimumVisualStudioVersion = 10.0.40219.1
Project("{FAE04EC0-301F-11D3-BF4B-00C04F79EFBC}") = "RedStar.Amounts", "RedStar.Amounts\RedStar.Amounts.csproj", "{584133CC-657D-44DB-B490-040DB1EE9BE7}"
EndProject
Project("{FAE04EC0-301F-11D3-BF4B-00C04F79EFBC}") = "RedStar.Amounts.StandardUnits", "RedStar.Amounts.StandardUnits\RedStar.Amounts.StandardUnits.csproj", "{CC652D7F-4BF6-42D6-A07E-4742567A28A5}"
EndProject
Project("{9A19103F-16F7-4668-BE54-9A1E7A4F7556}") = "RedStar.Amounts.Tests", "RedStar.Amounts.Tests\RedStar.Amounts.Tests.csproj", "{767AB07D-7C28-425E-9724-B3C825C08FC5}"
EndProject
Project("{FAE04EC0-301F-11D3-BF4B-00C04F79EFBC}") = "RedStar.Amounts.StandardUnits.Tests", "RedStar.Amounts.StandardUnits.Tests\RedStar.Amounts.StandardUnits.Tests.csproj", "{FCD6A1A7-66B8-4C9D-B0CD-3E521FE9631D}"
EndProject
Global
	GlobalSection(SolutionConfigurationPlatforms) = preSolution
		Debug|Any CPU = Debug|Any CPU
		Release|Any CPU = Release|Any CPU
	EndGlobalSection
	GlobalSection(ProjectConfigurationPlatforms) = postSolution
		{584133CC-657D-44DB-B490-040DB1EE9BE7}.Debug|Any CPU.ActiveCfg = Debug|Any CPU
		{584133CC-657D-44DB-B490-040DB1EE9BE7}.Debug|Any CPU.Build.0 = Debug|Any CPU
		{584133CC-657D-44DB-B490-040DB1EE9BE7}.Release|Any CPU.ActiveCfg = Release|Any CPU
		{584133CC-657D-44DB-B490-040DB1EE9BE7}.Release|Any CPU.Build.0 = Release|Any CPU
		{CC652D7F-4BF6-42D6-A07E-4742567A28A5}.Debug|Any CPU.ActiveCfg = Debug|Any CPU
		{CC652D7F-4BF6-42D6-A07E-4742567A28A5}.Debug|Any CPU.Build.0 = Debug|Any CPU
		{CC652D7F-4BF6-42D6-A07E-4742567A28A5}.Release|Any CPU.ActiveCfg = Release|Any CPU
		{CC652D7F-4BF6-42D6-A07E-4742567A28A5}.Release|Any CPU.Build.0 = Release|Any CPU
		{767AB07D-7C28-425E-9724-B3C825C08FC5}.Debug|Any CPU.ActiveCfg = Debug|Any CPU
		{767AB07D-7C28-425E-9724-B3C825C08FC5}.Debug|Any CPU.Build.0 = Debug|Any CPU
		{767AB07D-7C28-425E-9724-B3C825C08FC5}.Release|Any CPU.ActiveCfg = Release|Any CPU
		{767AB07D-7C28-425E-9724-B3C825C08FC5}.Release|Any CPU.Build.0 = Release|Any CPU
		{FCD6A1A7-66B8-4C9D-B0CD-3E521FE9631D}.Debug|Any CPU.ActiveCfg = Debug|Any CPU
		{FCD6A1A7-66B8-4C9D-B0CD-3E521FE9631D}.Debug|Any CPU.Build.0 = Debug|Any CPU
		{FCD6A1A7-66B8-4C9D-B0CD-3E521FE9631D}.Release|Any CPU.ActiveCfg = Release|Any CPU
		{FCD6A1A7-66B8-4C9D-B0CD-3E521FE9631D}.Release|Any CPU.Build.0 = Release|Any CPU
	EndGlobalSection
	GlobalSection(SolutionProperties) = preSolution
		HideSolutionNode = FALSE
	EndGlobalSection
EndGlobal
